{
  "name": "if_and_else",
  "version": "1.0.0",
  "lockfileVersion": 2,
  "requires": true,
  "packages": {
    "": {
      "name": "if_and_else",
      "version": "1.0.0",
      "license": "ISC",
      "dependencies": {
        "ifelse": "^1.0.0"
      }
    },
    "node_modules/ifelse": {
      "version": "1.0.0",
      "resolved": "https://registry.npmjs.org/ifelse/-/ifelse-1.0.0.tgz",
      "integrity": "sha512-iVkWHROUhPTI8nv2+im3e5x+s/7e40bfR5TI3pcWQZJMn2fK08OcsV837zK0p4BCKugmF+/pgw0kAYG1Zs/nog=="
    }
  },
  "dependencies": {
    "ifelse": {
      "version": "1.0.0",
      "resolved": "https://registry.npmjs.org/ifelse/-/ifelse-1.0.0.tgz",
      "integrity": "sha512-iVkWHROUhPTI8nv2+im3e5x+s/7e40bfR5TI3pcWQZJMn2fK08OcsV837zK0p4BCKugmF+/pgw0kAYG1Zs/nog=="
    }
  }
}
